
Microsoft Visual Studio Solution File, Format Version 12.00
# Visual Studio Version 16
VisualStudioVersion = 16.0.31025.194
MinimumVisualStudioVersion = 10.0.40219.1
Project("{FAE04EC0-301F-11D3-BF4B-00C04F79EFBC}") = "Calc", "Calc\Calc.csproj", "{2167164D-64BD-41F8-9E15-223339BF8050}"
EndProject
Global
	GlobalSection(SolutionConfigurationPlatforms) = preSolution
		Debug|Any CPU = Debug|Any CPU
		Release|Any CPU = Release|Any CPU
	EndGlobalSection
	GlobalSection(ProjectConfigurationPlatforms) = postSolution
		{2167164D-64BD-41F8-9E15-223339BF8050}.Debug|Any CPU.ActiveCfg = Debug|Any CPU
		{2167164D-64BD-41F8-9E15-223339BF8050}.Debug|Any CPU.Build.0 = Debug|Any CPU
		{2167164D-64BD-41F8-9E15-223339BF8050}.Release|Any CPU.ActiveCfg = Release|Any CPU
		{2167164D-64BD-41F8-9E15-223339BF8050}.Release|Any CPU.Build.0 = Release|Any CPU
	EndGlobalSection
	GlobalSection(SolutionProperties) = preSolution
		HideSolutionNode = FALSE
	EndGlobalSection
	GlobalSection(ExtensibilityGlobals) = postSolution
		SolutionGuid = {24125B33-2DD8-4F65-B3BB-91AAD240A253}
	EndGlobalSection
EndGlobal
